
Microsoft Visual Studio Solution File, Format Version 12.00
# Visual Studio Version 17
VisualStudioVersion = 17.8.34525.116
MinimumVisualStudioVersion = 10.0.40219.1
Project("{FAE04EC0-301F-11D3-BF4B-00C04F79EFBC}") = "RPG_CI", "RPG_CI\RPG_CI.csproj", "{4654D9B7-E820-4194-B955-9FB36839B7C9}"
EndProject
Project("{FAE04EC0-301F-11D3-BF4B-00C04F79EFBC}") = "RPG_CI.Test", "RPG_CI.Test\RPG_CI.Test.csproj", "{2284A18C-97DC-4FBF-808E-CEAF891CE594}"
EndProject
Global
	GlobalSection(SolutionConfigurationPlatforms) = preSolution
		Debug|Any CPU = Debug|Any CPU
		Release|Any CPU = Release|Any CPU
	EndGlobalSection
	GlobalSection(ProjectConfigurationPlatforms) = postSolution
		{4654D9B7-E820-4194-B955-9FB36839B7C9}.Debug|Any CPU.ActiveCfg = Debug|Any CPU
		{4654D9B7-E820-4194-B955-9FB36839B7C9}.Debug|Any CPU.Build.0 = Debug|Any CPU
		{4654D9B7-E820-4194-B955-9FB36839B7C9}.Release|Any CPU.ActiveCfg = Release|Any CPU
		{4654D9B7-E820-4194-B955-9FB36839B7C9}.Release|Any CPU.Build.0 = Release|Any CPU
		{2284A18C-97DC-4FBF-808E-CEAF891CE594}.Debug|Any CPU.ActiveCfg = Debug|Any CPU
		{2284A18C-97DC-4FBF-808E-CEAF891CE594}.Debug|Any CPU.Build.0 = Debug|Any CPU
		{2284A18C-97DC-4FBF-808E-CEAF891CE594}.Release|Any CPU.ActiveCfg = Release|Any CPU
		{2284A18C-97DC-4FBF-808E-CEAF891CE594}.Release|Any CPU.Build.0 = Release|Any CPU
	EndGlobalSection
	GlobalSection(SolutionProperties) = preSolution
		HideSolutionNode = FALSE
	EndGlobalSection
	GlobalSection(ExtensibilityGlobals) = postSolution
		SolutionGuid = {66AD5570-E026-4155-A6C6-771C1FABA752}
	EndGlobalSection
EndGlobal
